schema: '2.0'
stages:
  train:
    cmd: python src/model.py
    deps:
    - path: ds
      hash: md5
      md5: e42b38a657f0652d0ebfbb6d23e6ae19.dir
      size: 229064231
      nfiles: 10012
    - path: params.yaml
      hash: md5
      md5: b57d2e95aa77a8144d78734f20b1fcd0
      size: 121
    - path: src
      hash: md5
      md5: 396a56ada43390ecc013a9f9a5347459.dir
      size: 3522
      nfiles: 1
