schema: '2.0'
stages:
  train:
    cmd: python src/model.py
    deps:
    - path: ds
      hash: md5
      md5: e42b38a657f0652d0ebfbb6d23e6ae19.dir
      size: 229064231
      nfiles: 10012
    - path: params.yaml
      hash: md5
      md5: 62b2f81f9b7e7d96159a21c7382c74a2
      size: 166
    - path: src
      hash: md5
      md5: c747b81c3f06ac235cb103af8ced294f.dir
      size: 3697
      nfiles: 1
